
Microsoft Visual Studio Solution File, Format Version 12.00
# Visual Studio 15
VisualStudioVersion = 15.0.28307.902
MinimumVisualStudioVersion = 10.0.40219.1
Project("{9A19103F-16F7-4668-BE54-9A1E7A4F7556}") = "FullStackTest", ".\FullStackTest\FullStackTest.csproj", "{CFBAA719-2531-4DFF-A40B-E1F04DB10700}"
EndProject
Project("{9A19103F-16F7-4668-BE54-9A1E7A4F7556}") = "FullStackTestTests", ".\FullStackTestTests\FullStackTestTests.csproj", "{60DE9116-D84B-43F9-AA0F-23342EB0E23B}"
EndProject
Global
	GlobalSection(SolutionConfigurationPlatforms) = preSolution
		Debug|Any CPU = Debug|Any CPU
		Release|Any CPU = Release|Any CPU
	EndGlobalSection
	GlobalSection(ProjectConfigurationPlatforms) = postSolution
		{CFBAA719-2531-4DFF-A40B-E1F04DB10700}.Debug|Any CPU.ActiveCfg = Debug|Any CPU
		{CFBAA719-2531-4DFF-A40B-E1F04DB10700}.Debug|Any CPU.Build.0 = Debug|Any CPU
		{CFBAA719-2531-4DFF-A40B-E1F04DB10700}.Release|Any CPU.ActiveCfg = Release|Any CPU
		{CFBAA719-2531-4DFF-A40B-E1F04DB10700}.Release|Any CPU.Build.0 = Release|Any CPU
		{60DE9116-D84B-43F9-AA0F-23342EB0E23B}.Debug|Any CPU.ActiveCfg = Debug|Any CPU
		{60DE9116-D84B-43F9-AA0F-23342EB0E23B}.Debug|Any CPU.Build.0 = Debug|Any CPU
		{60DE9116-D84B-43F9-AA0F-23342EB0E23B}.Release|Any CPU.ActiveCfg = Release|Any CPU
		{60DE9116-D84B-43F9-AA0F-23342EB0E23B}.Release|Any CPU.Build.0 = Release|Any CPU
	EndGlobalSection
	GlobalSection(SolutionProperties) = preSolution
		HideSolutionNode = FALSE
	EndGlobalSection
	GlobalSection(ExtensibilityGlobals) = postSolution
		SolutionGuid = {24F851C1-21C7-48DC-A4CB-2DC6D4AF2EF0}
	EndGlobalSection
EndGlobal
